# Generated by pub
# See http://pub.dartlang.org/doc/glossary.html#lockfile
packages:
  event_dispatcher:
    description: event_dispatcher
    source: hosted
    version: "1.0.0"
  irc:
    description: irc
    source: hosted
    version: "1.4.5"
  path:
    description: path
    source: hosted
    version: "1.3.0"
  quiver:
    description: quiver
    source: hosted
    version: "0.18.2"
